github.com/99designs/gqlgen v0.17.31 h1:VncSQ82VxieHkea8tz11p7h/zSbvHSxSDZfywqWt158=
github.com/agnivade/levenshtein v1.1.1 h1:QY8M92nrzkmr798gCo3kmMyqXFzdQVpxLlGPRBij0P8=
github.com/agnivade/levenshtein v1.1.1/go.mod h1:veldBMzWxcCG2ZvUTKD2kJNRdCk5hVbJomOvKkmgYbo=
github.com/google/uuid v1.3.0 h1:t6JiXgmwXMjEs8VusXIJk2BXHsn+wx8BZdTaoZ5fu7I=
github.com/google/uuid v1.3.0/go.mod h1:TIyPZe4MgqvfeYDBFedMoGGpEw/LqOeaOT+nhxU+yHo=
github.com/gorilla/mux v1.8.0 h1:i40aqfkR1h2SlN9hojwV5ZA91wcXFOvkdNIeFDP5koI=
github.com/gorilla/mux v1.8.0/go.mod h1:DVbg23sWSpFRCP0SfiEN6jmj59UnW/n46BH5rLB71So=
github.com/jackc/pgx/v5 v5.4.1 h1:oKfThAOF0DJaZ7uCYDUO46WpjvQYl2Y1uGmJ4cVYYXs=
github.com/jackc/pgx/v5 v5.4.1/go.mod h1:q6iHT8uDNXWiFNOlRqJzBTaSH3+2xCXkokxHZC5qWFY=
github.com/nats-io/nats.go v1.27.0/go.mod h1:XpbWUlOElGwTYbMR7imivs7jJj9GtK7ypv321Wp6pjc=
github.com/vektah/gqlparser/v2 v2.5.1 h1:ZGu+bquAY23jsxDRcYpWjttRZrUz07LbiY77gUOHcr4=
github.com/vektah/gqlparser/v2 v2.5.1/go.mod h1:mPgqFBu/woKTVYWyNk8cO3kh4S/f4aRFZrvOnp3hmCs=
